{
  "requires": true,
  "lockfileVersion": 1,
  "dependencies": {
    "ag-grid-angular": {
      "version": "19.1.2",
      "resolved": "https://registry.npmjs.org/ag-grid-angular/-/ag-grid-angular-19.1.2.tgz",
      "integrity": "sha512-L3o1TNHRdqHaVROeiu1CGiMcPrcjZadajfXBszcQ+D/KqxeNNKewpVqAWCMvh0/VMIRFf4prdLiE0+zM+DqlFQ=="
    },
    "ag-grid-community": {
      "version": "19.1.2",
      "resolved": "https://registry.npmjs.org/ag-grid-community/-/ag-grid-community-19.1.2.tgz",
      "integrity": "sha512-nbnapa1D8usuDf80Vd09gpAosCFyvdwhq6zL4T7FSePYFjRhvvToryJ2wcDE0vcIuI5lpnR0Nrj3kRcXM+/3cQ=="
    }
  }
}
